
Microsoft Visual Studio Solution File, Format Version 12.00
# Visual Studio Version 17
VisualStudioVersion = 17.2.32616.157
MinimumVisualStudioVersion = 10.0.40219.1
Project("{FAE04EC0-301F-11D3-BF4B-00C04F79EFBC}") = "CRUDKauan", "CRUDKauan\CRUDKauan.csproj", "{F5BF7A31-93CA-42ED-8910-B3BA94058954}"
EndProject
Global
	GlobalSection(SolutionConfigurationPlatforms) = preSolution
		Debug|Any CPU = Debug|Any CPU
		Release|Any CPU = Release|Any CPU
	EndGlobalSection
	GlobalSection(ProjectConfigurationPlatforms) = postSolution
		{F5BF7A31-93CA-42ED-8910-B3BA94058954}.Debug|Any CPU.ActiveCfg = Debug|Any CPU
		{F5BF7A31-93CA-42ED-8910-B3BA94058954}.Debug|Any CPU.Build.0 = Debug|Any CPU
		{F5BF7A31-93CA-42ED-8910-B3BA94058954}.Release|Any CPU.ActiveCfg = Release|Any CPU
		{F5BF7A31-93CA-42ED-8910-B3BA94058954}.Release|Any CPU.Build.0 = Release|Any CPU
	EndGlobalSection
	GlobalSection(SolutionProperties) = preSolution
		HideSolutionNode = FALSE
	EndGlobalSection
	GlobalSection(ExtensibilityGlobals) = postSolution
		SolutionGuid = {5690E516-A553-4205-B799-AFE707478D4E}
	EndGlobalSection
EndGlobal
